Microsoft Visual Studio Solution File, Format Version 12.00
# Visual Studio 2012
Project("{FAE04EC0-301F-11D3-BF4B-00C04F79EFBC}") = "Creaject", "Creaject.csproj", "{3903574B-33FB-4515-9D88-DED1260EF591}"
EndProject
Global
	GlobalSection(SolutionConfigurationPlatforms) = preSolution
	Debug|Any CPU = Debug|Any CPU
	ExportDebug|Any CPU = ExportDebug|Any CPU
	ExportRelease|Any CPU = ExportRelease|Any CPU
	EndGlobalSection
	GlobalSection(ProjectConfigurationPlatforms) = postSolution
		{3903574B-33FB-4515-9D88-DED1260EF591}.Debug|Any CPU.ActiveCfg = Debug|Any CPU
		{3903574B-33FB-4515-9D88-DED1260EF591}.Debug|Any CPU.Build.0 = Debug|Any CPU
		{3903574B-33FB-4515-9D88-DED1260EF591}.ExportDebug|Any CPU.ActiveCfg = ExportDebug|Any CPU
		{3903574B-33FB-4515-9D88-DED1260EF591}.ExportDebug|Any CPU.Build.0 = ExportDebug|Any CPU
		{3903574B-33FB-4515-9D88-DED1260EF591}.ExportRelease|Any CPU.ActiveCfg = ExportRelease|Any CPU
		{3903574B-33FB-4515-9D88-DED1260EF591}.ExportRelease|Any CPU.Build.0 = ExportRelease|Any CPU
	EndGlobalSection
EndGlobal
